{
    "version": 3,
    "terraform_version": "0.7.11",
    "serial": 39,
    "lineage": "104b639c-294f-42f9-a887-7c9e9ad8a2fd",
    "modules": [
        {
            "path": [
                "root"
            ],
            "outputs": {},
            "resources": {
                "aws_iam_instance_profile.kubernetes": {
                    "type": "aws_iam_instance_profile",
                    "depends_on": [
                        "aws_iam_role.kubernetes"
                    ],
                    "primary": {
                        "id": "kubernetes",
                        "attributes": {
                            "arn": "arn:aws:iam::117141021182:instance-profile/kubernetes",
                            "id": "kubernetes",
                            "name": "kubernetes",
                            "path": "/",
                            "roles.#": "1",
                            "roles.3583494352": "kubernetes"
                        },
                        "meta": {},
                        "tainted": false
                    },
                    "deposed": [],
                    "provider": ""
                },
                "aws_iam_role.kubernetes": {
                    "type": "aws_iam_role",
                    "depends_on": [],
                    "primary": {
                        "id": "kubernetes",
                        "attributes": {
                            "arn": "arn:aws:iam::117141021182:role/kubernetes",
                            "assume_role_policy": "{\n  \"Version\": \"2012-10-17\",\n  \"Statement\": [\n    {\n      \"Effect\": \"Allow\",\n      \"Principal\": {\n        \"Service\": \"ec2.amazonaws.com\"\n      },\n      \"Action\": \"sts:AssumeRole\"\n    }\n  ]\n}\n\n\n\n",
                            "create_date": "2016-11-24T09:47:15Z",
                            "id": "kubernetes",
                            "name": "kubernetes",
                            "path": "/",
                            "unique_id": "AROAITSB4VPLM3PGH32XG"
                        },
                        "meta": {},
                        "tainted": false
                    },
                    "deposed": [],
                    "provider": ""
                },
                "aws_iam_role_policy.kubernetes": {
                    "type": "aws_iam_role_policy",
                    "depends_on": [
                        "aws_iam_role.kubernetes"
                    ],
                    "primary": {
                        "id": "kubernetes:kubernetes",
                        "attributes": {
                            "id": "kubernetes:kubernetes",
                            "name": "kubernetes",
                            "policy": "{\n  \"Version\": \"2012-10-17\",\n  \"Statement\": [\n    {\n      \"Action\" : [\"ec2:*\"],\n      \"Effect\": \"Allow\",\n      \"Resource\": [\"*\"]\n    },\n    {\n      \"Action\" : [\"elasticloadbalancing:*\"],\n      \"Effect\": \"Allow\",\n      \"Resource\": [\"*\"]\n    },\n    {\n      \"Action\": \"route53:*\",\n      \"Effect\": \"Allow\",\n      \"Resource\": [\"*\"]\n    },\n    {\n      \"Action\": \"ecr:*\",\n      \"Effect\": \"Allow\",\n      \"Resource\": \"*\"\n    }\n  ]\n}\n\n\n\n\n",
                            "role": "kubernetes"
                        },
                        "meta": {},
                        "tainted": false
                    },
                    "deposed": [],
                    "provider": ""
                },
                "aws_instance.etcd.0": {
                    "type": "aws_instance",
                    "depends_on": [
                        "aws_security_group.dev_kubernetes",
                        "aws_subnet.kubernetes"
                    ],
                    "primary": {
                        "id": "i-c13d5a7c",
                        "attributes": {
                            "ami": "ami-8504fdea",
                            "associate_public_ip_address": "true",
                            "availability_zone": "eu-central-1a",
                            "disable_api_termination": "false",
                            "ebs_block_device.#": "0",
                            "ebs_optimized": "false",
                            "ephemeral_block_device.#": "0",
                            "iam_instance_profile": "",
                            "id": "i-c13d5a7c",
                            "instance_state": "running",
                            "instance_type": "t2.micro",
                            "key_name": "dev_kube",
                            "monitoring": "false",
                            "network_interface_id": "eni-f6327f9b",
                            "private_dns": "ip-10-43-0-10.eu-central-1.compute.internal",
                            "private_ip": "10.43.0.10",
                            "public_dns": "ec2-35-156-141-37.eu-central-1.compute.amazonaws.com",
                            "public_ip": "35.156.141.37",
                            "root_block_device.#": "1",
                            "root_block_device.0.delete_on_termination": "true",
                            "root_block_device.0.iops": "100",
                            "root_block_device.0.volume_size": "8",
                            "root_block_device.0.volume_type": "gp2",
                            "security_groups.#": "0",
                            "source_dest_check": "true",
                            "subnet_id": "subnet-762d941e",
                            "tags.%": "0",
                            "tenancy": "default",
                            "vpc_security_group_ids.#": "1",
                            "vpc_security_group_ids.2113931666": "sg-1a035972"
                        },
                        "meta": {
                            "schema_version": "1"
                        },
                        "tainted": false
                    },
                    "deposed": [],
                    "provider": ""
                },
                "aws_instance.etcd.1": {
                    "type": "aws_instance",
                    "depends_on": [
                        "aws_security_group.dev_kubernetes",
                        "aws_subnet.kubernetes"
                    ],
                    "primary": {
                        "id": "i-443d5af9",
                        "attributes": {
                            "ami": "ami-8504fdea",
                            "associate_public_ip_address": "true",
                            "availability_zone": "eu-central-1a",
                            "disable_api_termination": "false",
                            "ebs_block_device.#": "0",
                            "ebs_optimized": "false",
                            "ephemeral_block_device.#": "0",
                            "iam_instance_profile": "",
                            "id": "i-443d5af9",
                            "instance_state": "running",
                            "instance_type": "t2.micro",
                            "key_name": "dev_kube",
                            "monitoring": "false",
                            "network_interface_id": "eni-cb4c01a6",
                            "private_dns": "ip-10-43-0-11.eu-central-1.compute.internal",
                            "private_ip": "10.43.0.11",
                            "public_dns": "ec2-35-156-139-251.eu-central-1.compute.amazonaws.com",
                            "public_ip": "35.156.139.251",
                            "root_block_device.#": "1",
                            "root_block_device.0.delete_on_termination": "true",
                            "root_block_device.0.iops": "100",
                            "root_block_device.0.volume_size": "8",
                            "root_block_device.0.volume_type": "gp2",
                            "security_groups.#": "0",
                            "source_dest_check": "true",
                            "subnet_id": "subnet-762d941e",
                            "tags.%": "0",
                            "tenancy": "default",
                            "vpc_security_group_ids.#": "1",
                            "vpc_security_group_ids.2113931666": "sg-1a035972"
                        },
                        "meta": {
                            "schema_version": "1"
                        },
                        "tainted": false
                    },
                    "deposed": [],
                    "provider": ""
                },
                "aws_instance.etcd.2": {
                    "type": "aws_instance",
                    "depends_on": [
                        "aws_security_group.dev_kubernetes",
                        "aws_subnet.kubernetes"
                    ],
                    "primary": {
                        "id": "i-eb3b5c56",
                        "attributes": {
                            "ami": "ami-8504fdea",
                            "associate_public_ip_address": "true",
                            "availability_zone": "eu-central-1a",
                            "disable_api_termination": "false",
                            "ebs_block_device.#": "0",
                            "ebs_optimized": "false",
                            "ephemeral_block_device.#": "0",
                            "iam_instance_profile": "",
                            "id": "i-eb3b5c56",
                            "instance_state": "running",
                            "instance_type": "t2.micro",
                            "key_name": "dev_kube",
                            "monitoring": "false",
                            "network_interface_id": "eni-954a07f8",
                            "private_dns": "ip-10-43-0-12.eu-central-1.compute.internal",
                            "private_ip": "10.43.0.12",
                            "public_dns": "ec2-35-156-133-74.eu-central-1.compute.amazonaws.com",
                            "public_ip": "35.156.133.74",
                            "root_block_device.#": "1",
                            "root_block_device.0.delete_on_termination": "true",
                            "root_block_device.0.iops": "100",
                            "root_block_device.0.volume_size": "8",
                            "root_block_device.0.volume_type": "gp2",
                            "security_groups.#": "0",
                            "source_dest_check": "true",
                            "subnet_id": "subnet-762d941e",
                            "tags.%": "0",
                            "tenancy": "default",
                            "vpc_security_group_ids.#": "1",
                            "vpc_security_group_ids.2113931666": "sg-1a035972"
                        },
                        "meta": {
                            "schema_version": "1"
                        },
                        "tainted": false
                    },
                    "deposed": [],
                    "provider": ""
                },
                "aws_internet_gateway.gw": {
                    "type": "aws_internet_gateway",
                    "depends_on": [
                        "aws_vpc.dev_kubernetes"
                    ],
                    "primary": {
                        "id": "igw-0182cb68",
                        "attributes": {
                            "id": "igw-0182cb68",
                            "tags.%": "2",
                            "tags.Name": "Dev Kubernetes",
                            "tags.Owner": "Raghavendra",
                            "vpc_id": "vpc-dffc06b7"
                        },
                        "meta": {},
                        "tainted": false
                    },
                    "deposed": [],
                    "provider": ""
                },
                "aws_key_pair.default_keypair": {
                    "type": "aws_key_pair",
                    "depends_on": [],
                    "primary": {
                        "id": "dev_kube",
                        "attributes": {
                            "fingerprint": "29:f8:2b:54:df:df:ec:1c:76:15:1f:f6:37:c4:21:af",
                            "id": "dev_kube",
                            "key_name": "dev_kube",
                            "public_key": "ssh-rsa AAAAB3NzaC1yc2EAAAADAQABAAABAQC/C1ghx14OGN6FSDDmXJ3K8L5nU83x0YP8WZ51O9YBbevhd2GVDT7eBxzsBbbR1nd4KyAckggEe/0jbI+mU+26KtZZpTtNqTK9TlEMkn7Il6ja7RovgJPFKDlVt0UE1feDbPviBoAGIL0CceHWQlYYw+klx1fex1HFCxVkUEDJw+iAHooDJ0mX8g/jdMq8RcZVl5vcEjGXhcsb6kth6flwv76CtptkYaeMQur0Syk6zs1X5+ajQZsPdE3e5c4kUityUId+3KSQZsjFZZ83QtKGvMzJ8ILTOLYHxIuLx7wg62LD4ZoAKOGp0VKvAjyUnVfJaYYAXA98BPIA8G73LPoV imported-openssh-key"
                        },
                        "meta": {
                            "schema_version": "1"
                        },
                        "tainted": false
                    },
                    "deposed": [],
                    "provider": ""
                },
                "aws_route_table.kubernetes": {
                    "type": "aws_route_table",
                    "depends_on": [
                        "aws_internet_gateway.gw",
                        "aws_vpc.dev_kubernetes"
                    ],
                    "primary": {
                        "id": "rtb-98df78f0",
                        "attributes": {
                            "id": "rtb-98df78f0",
                            "propagating_vgws.#": "0",
                            "route.#": "1",
                            "route.2774862822.cidr_block": "0.0.0.0/0",
                            "route.2774862822.gateway_id": "igw-0182cb68",
                            "route.2774862822.instance_id": "",
                            "route.2774862822.nat_gateway_id": "",
                            "route.2774862822.network_interface_id": "",
                            "route.2774862822.vpc_peering_connection_id": "",
                            "tags.%": "2",
                            "tags.Name": "Dev Kubernetes",
                            "tags.Owner": "Raghavendra",
                            "vpc_id": "vpc-dffc06b7"
                        },
                        "meta": {},
                        "tainted": false
                    },
                    "deposed": [],
                    "provider": ""
                },
                "aws_route_table_association.kubernetes": {
                    "type": "aws_route_table_association",
                    "depends_on": [
                        "aws_route_table.kubernetes",
                        "aws_subnet.kubernetes"
                    ],
                    "primary": {
                        "id": "rtbassoc-ddc6beb5",
                        "attributes": {
                            "id": "rtbassoc-ddc6beb5",
                            "route_table_id": "rtb-98df78f0",
                            "subnet_id": "subnet-762d941e"
                        },
                        "meta": {},
                        "tainted": false
                    },
                    "deposed": [],
                    "provider": ""
                },
                "aws_security_group.dev_kubernetes": {
                    "type": "aws_security_group",
                    "depends_on": [
                        "aws_vpc.dev_kubernetes"
                    ],
                    "primary": {
                        "id": "sg-1a035972",
                        "attributes": {
                            "description": "Managed by Terraform",
                            "egress.#": "1",
                            "egress.482069346.cidr_blocks.#": "1",
                            "egress.482069346.cidr_blocks.0": "0.0.0.0/0",
                            "egress.482069346.from_port": "0",
                            "egress.482069346.prefix_list_ids.#": "0",
                            "egress.482069346.protocol": "-1",
                            "egress.482069346.security_groups.#": "0",
                            "egress.482069346.self": "false",
                            "egress.482069346.to_port": "0",
                            "id": "sg-1a035972",
                            "ingress.#": "2",
                            "ingress.2541437006.cidr_blocks.#": "1",
                            "ingress.2541437006.cidr_blocks.0": "0.0.0.0/0",
                            "ingress.2541437006.from_port": "22",
                            "ingress.2541437006.protocol": "tcp",
                            "ingress.2541437006.security_groups.#": "0",
                            "ingress.2541437006.self": "false",
                            "ingress.2541437006.to_port": "22",
                            "ingress.3068409405.cidr_blocks.#": "1",
                            "ingress.3068409405.cidr_blocks.0": "0.0.0.0/0",
                            "ingress.3068409405.from_port": "8",
                            "ingress.3068409405.protocol": "icmp",
                            "ingress.3068409405.security_groups.#": "0",
                            "ingress.3068409405.self": "false",
                            "ingress.3068409405.to_port": "0",
                            "name": "Dev Kubernetes",
                            "owner_id": "117141021182",
                            "tags.%": "0",
                            "vpc_id": "vpc-dffc06b7"
                        },
                        "meta": {},
                        "tainted": false
                    },
                    "deposed": [],
                    "provider": ""
                },
                "aws_subnet.kubernetes": {
                    "type": "aws_subnet",
                    "depends_on": [
                        "aws_vpc.dev_kubernetes"
                    ],
                    "primary": {
                        "id": "subnet-762d941e",
                        "attributes": {
                            "availability_zone": "eu-central-1a",
                            "cidr_block": "10.43.0.0/16",
                            "id": "subnet-762d941e",
                            "map_public_ip_on_launch": "false",
                            "tags.%": "2",
                            "tags.Name": "Kubernetes",
                            "tags.Owner": "Raghavendra",
                            "vpc_id": "vpc-dffc06b7"
                        },
                        "meta": {},
                        "tainted": false
                    },
                    "deposed": [],
                    "provider": ""
                },
                "aws_vpc.dev_kubernetes": {
                    "type": "aws_vpc",
                    "depends_on": [],
                    "primary": {
                        "id": "vpc-dffc06b7",
                        "attributes": {
                            "cidr_block": "10.43.0.0/16",
                            "default_network_acl_id": "acl-1c00d974",
                            "default_route_table_id": "rtb-82df78ea",
                            "default_security_group_id": "sg-0503596d",
                            "dhcp_options_id": "dopt-44e50f2d",
                            "enable_dns_hostnames": "true",
                            "enable_dns_support": "true",
                            "id": "vpc-dffc06b7",
                            "instance_tenancy": "default",
                            "main_route_table_id": "rtb-82df78ea",
                            "tags.%": "2",
                            "tags.Name": "Dev_kubernetes",
                            "tags.Owner": "Raghavendra"
                        },
                        "meta": {},
                        "tainted": false
                    },
                    "deposed": [],
                    "provider": ""
                }
            },
            "depends_on": []
        }
    ]
}
