{
    "version": 3,
    "terraform_version": "0.7.11",
    "serial": 29,
    "lineage": "104b639c-294f-42f9-a887-7c9e9ad8a2fd",
    "modules": [
        {
            "path": [
                "root"
            ],
            "outputs": {},
            "resources": {
                "aws_iam_instance_profile.kubernetes": {
                    "type": "aws_iam_instance_profile",
                    "depends_on": [
                        "aws_iam_role.kubernetes"
                    ],
                    "primary": {
                        "id": "kubernetes",
                        "attributes": {
                            "arn": "arn:aws:iam::117141021182:instance-profile/kubernetes",
                            "id": "kubernetes",
                            "name": "kubernetes",
                            "path": "/",
                            "roles.#": "1",
                            "roles.3583494352": "kubernetes"
                        },
                        "meta": {},
                        "tainted": false
                    },
                    "deposed": [],
                    "provider": ""
                },
                "aws_iam_role.kubernetes": {
                    "type": "aws_iam_role",
                    "depends_on": [],
                    "primary": {
                        "id": "kubernetes",
                        "attributes": {
                            "arn": "arn:aws:iam::117141021182:role/kubernetes",
                            "assume_role_policy": "{\n  \"Version\": \"2012-10-17\",\n  \"Statement\": [\n    {\n      \"Effect\": \"Allow\",\n      \"Principal\": {\n        \"Service\": \"ec2.amazonaws.com\"\n      },\n      \"Action\": \"sts:AssumeRole\"\n    }\n  ]\n}\n\n\n\n",
                            "create_date": "2016-11-23T15:42:42Z",
                            "id": "kubernetes",
                            "name": "kubernetes",
                            "path": "/",
                            "unique_id": "AROAJ5G5KLGOORQZRLL7W"
                        },
                        "meta": {},
                        "tainted": false
                    },
                    "deposed": [],
                    "provider": ""
                },
                "aws_internet_gateway.gw": {
                    "type": "aws_internet_gateway",
                    "depends_on": [
                        "aws_vpc.dev_kubernetes"
                    ],
                    "primary": {
                        "id": "igw-f74b029e",
                        "attributes": {
                            "id": "igw-f74b029e",
                            "tags.%": "2",
                            "tags.Name": "Dev Kubernetes",
                            "tags.Owner": "Raghavendra",
                            "vpc_id": "vpc-845da6ec"
                        },
                        "meta": {},
                        "tainted": false
                    },
                    "deposed": [],
                    "provider": ""
                },
                "aws_key_pair.default_keypair": {
                    "type": "aws_key_pair",
                    "depends_on": [],
                    "primary": {
                        "id": "dev_kube",
                        "attributes": {
                            "fingerprint": "29:f8:2b:54:df:df:ec:1c:76:15:1f:f6:37:c4:21:af",
                            "id": "dev_kube",
                            "key_name": "dev_kube",
                            "public_key": "ssh-rsa AAAAB3NzaC1yc2EAAAADAQABAAABAQC/C1ghx14OGN6FSDDmXJ3K8L5nU83x0YP8WZ51O9YBbevhd2GVDT7eBxzsBbbR1nd4KyAckggEe/0jbI+mU+26KtZZpTtNqTK9TlEMkn7Il6ja7RovgJPFKDlVt0UE1feDbPviBoAGIL0CceHWQlYYw+klx1fex1HFCxVkUEDJw+iAHooDJ0mX8g/jdMq8RcZVl5vcEjGXhcsb6kth6flwv76CtptkYaeMQur0Syk6zs1X5+ajQZsPdE3e5c4kUityUId+3KSQZsjFZZ83QtKGvMzJ8ILTOLYHxIuLx7wg62LD4ZoAKOGp0VKvAjyUnVfJaYYAXA98BPIA8G73LPoV imported-openssh-key"
                        },
                        "meta": {
                            "schema_version": "1"
                        },
                        "tainted": false
                    },
                    "deposed": [],
                    "provider": ""
                },
                "aws_route_table.kubernetes": {
                    "type": "aws_route_table",
                    "depends_on": [
                        "aws_internet_gateway.gw",
                        "aws_vpc.dev_kubernetes"
                    ],
                    "primary": {
                        "id": "rtb-20208448",
                        "attributes": {
                            "id": "rtb-20208448",
                            "propagating_vgws.#": "0",
                            "route.#": "1",
                            "route.144226192.cidr_block": "0.0.0.0/0",
                            "route.144226192.gateway_id": "igw-f74b029e",
                            "route.144226192.instance_id": "",
                            "route.144226192.nat_gateway_id": "",
                            "route.144226192.network_interface_id": "",
                            "route.144226192.vpc_peering_connection_id": "",
                            "tags.%": "2",
                            "tags.Name": "Dev Kubernetes",
                            "tags.Owner": "Raghavendra",
                            "vpc_id": "vpc-845da6ec"
                        },
                        "meta": {},
                        "tainted": false
                    },
                    "deposed": [],
                    "provider": ""
                },
                "aws_route_table_association.kubernetes": {
                    "type": "aws_route_table_association",
                    "depends_on": [
                        "aws_route_table.kubernetes",
                        "aws_subnet.kubernetes"
                    ],
                    "primary": {
                        "id": "rtbassoc-9c5129f4",
                        "attributes": {
                            "id": "rtbassoc-9c5129f4",
                            "route_table_id": "rtb-20208448",
                            "subnet_id": "subnet-d9922bb1"
                        },
                        "meta": {},
                        "tainted": false
                    },
                    "deposed": [],
                    "provider": ""
                },
                "aws_security_group.dev_kubernetes": {
                    "type": "aws_security_group",
                    "depends_on": [
                        "aws_vpc.dev_kubernetes"
                    ],
                    "primary": {
                        "id": "sg-a67c27ce",
                        "attributes": {
                            "description": "Managed by Terraform",
                            "egress.#": "1",
                            "egress.482069346.cidr_blocks.#": "1",
                            "egress.482069346.cidr_blocks.0": "0.0.0.0/0",
                            "egress.482069346.from_port": "0",
                            "egress.482069346.prefix_list_ids.#": "0",
                            "egress.482069346.protocol": "-1",
                            "egress.482069346.security_groups.#": "0",
                            "egress.482069346.self": "false",
                            "egress.482069346.to_port": "0",
                            "id": "sg-a67c27ce",
                            "ingress.#": "1",
                            "ingress.3068409405.cidr_blocks.#": "1",
                            "ingress.3068409405.cidr_blocks.0": "0.0.0.0/0",
                            "ingress.3068409405.from_port": "8",
                            "ingress.3068409405.protocol": "icmp",
                            "ingress.3068409405.security_groups.#": "0",
                            "ingress.3068409405.self": "false",
                            "ingress.3068409405.to_port": "0",
                            "name": "Dev Kubernetes",
                            "owner_id": "117141021182",
                            "tags.%": "0",
                            "vpc_id": "vpc-845da6ec"
                        },
                        "meta": {},
                        "tainted": false
                    },
                    "deposed": [],
                    "provider": ""
                },
                "aws_subnet.kubernetes": {
                    "type": "aws_subnet",
                    "depends_on": [
                        "aws_vpc.dev_kubernetes"
                    ],
                    "primary": {
                        "id": "subnet-d9922bb1",
                        "attributes": {
                            "availability_zone": "eu-central-1a",
                            "cidr_block": "10.43.0.0/16",
                            "id": "subnet-d9922bb1",
                            "map_public_ip_on_launch": "false",
                            "tags.%": "2",
                            "tags.Name": "Kubernetes",
                            "tags.Owner": "Raghavendra",
                            "vpc_id": "vpc-845da6ec"
                        },
                        "meta": {},
                        "tainted": false
                    },
                    "deposed": [],
                    "provider": ""
                },
                "aws_vpc.dev_kubernetes": {
                    "type": "aws_vpc",
                    "depends_on": [],
                    "primary": {
                        "id": "vpc-845da6ec",
                        "attributes": {
                            "cidr_block": "10.43.0.0/16",
                            "default_network_acl_id": "acl-f8b06990",
                            "default_route_table_id": "rtb-2c208444",
                            "default_security_group_id": "sg-a07c27c8",
                            "dhcp_options_id": "dopt-44e50f2d",
                            "enable_dns_hostnames": "true",
                            "enable_dns_support": "true",
                            "id": "vpc-845da6ec",
                            "instance_tenancy": "default",
                            "main_route_table_id": "rtb-2c208444",
                            "tags.%": "2",
                            "tags.Name": "Dev_kubernetes",
                            "tags.Owner": "Raghavendra"
                        },
                        "meta": {},
                        "tainted": false
                    },
                    "deposed": [],
                    "provider": ""
                }
            },
            "depends_on": []
        }
    ]
}
