{
    "version": 3,
    "terraform_version": "0.7.11",
    "serial": 25,
    "lineage": "104b639c-294f-42f9-a887-7c9e9ad8a2fd",
    "modules": [
        {
            "path": [
                "root"
            ],
            "outputs": {},
            "resources": {
                "aws_internet_gateway.gw": {
                    "type": "aws_internet_gateway",
                    "depends_on": [
                        "aws_vpc.dev_kubernetes"
                    ],
                    "primary": {
                        "id": "igw-77377e1e",
                        "attributes": {
                            "id": "igw-77377e1e",
                            "tags.%": "2",
                            "tags.Name": "Dev Kubernetes",
                            "tags.Owner": "Raghavendra",
                            "vpc_id": "vpc-87649fef"
                        },
                        "meta": {},
                        "tainted": false
                    },
                    "deposed": [],
                    "provider": ""
                },
                "aws_key_pair.default_keypair": {
                    "type": "aws_key_pair",
                    "depends_on": [],
                    "primary": {
                        "id": "dev_kube",
                        "attributes": {
                            "fingerprint": "29:f8:2b:54:df:df:ec:1c:76:15:1f:f6:37:c4:21:af",
                            "id": "dev_kube",
                            "key_name": "dev_kube",
                            "public_key": "ssh-rsa AAAAB3NzaC1yc2EAAAADAQABAAABAQC/C1ghx14OGN6FSDDmXJ3K8L5nU83x0YP8WZ51O9YBbevhd2GVDT7eBxzsBbbR1nd4KyAckggEe/0jbI+mU+26KtZZpTtNqTK9TlEMkn7Il6ja7RovgJPFKDlVt0UE1feDbPviBoAGIL0CceHWQlYYw+klx1fex1HFCxVkUEDJw+iAHooDJ0mX8g/jdMq8RcZVl5vcEjGXhcsb6kth6flwv76CtptkYaeMQur0Syk6zs1X5+ajQZsPdE3e5c4kUityUId+3KSQZsjFZZ83QtKGvMzJ8ILTOLYHxIuLx7wg62LD4ZoAKOGp0VKvAjyUnVfJaYYAXA98BPIA8G73LPoV imported-openssh-key"
                        },
                        "meta": {
                            "schema_version": "1"
                        },
                        "tainted": false
                    },
                    "deposed": [],
                    "provider": ""
                },
                "aws_route_table.kubernetes": {
                    "type": "aws_route_table",
                    "depends_on": [
                        "aws_internet_gateway.gw",
                        "aws_vpc.dev_kubernetes"
                    ],
                    "primary": {
                        "id": "rtb-b05ffbd8",
                        "attributes": {
                            "id": "rtb-b05ffbd8",
                            "propagating_vgws.#": "0",
                            "route.#": "1",
                            "route.2733627546.cidr_block": "0.0.0.0/0",
                            "route.2733627546.gateway_id": "igw-77377e1e",
                            "route.2733627546.instance_id": "",
                            "route.2733627546.nat_gateway_id": "",
                            "route.2733627546.network_interface_id": "",
                            "route.2733627546.vpc_peering_connection_id": "",
                            "tags.%": "2",
                            "tags.Name": "Dev Kubernetes",
                            "tags.Owner": "Raghavendra",
                            "vpc_id": "vpc-87649fef"
                        },
                        "meta": {},
                        "tainted": false
                    },
                    "deposed": [],
                    "provider": ""
                },
                "aws_route_table_association.kubernetes": {
                    "type": "aws_route_table_association",
                    "depends_on": [
                        "aws_route_table.kubernetes",
                        "aws_subnet.kubernetes"
                    ],
                    "primary": {
                        "id": "rtbassoc-1c661e74",
                        "attributes": {
                            "id": "rtbassoc-1c661e74",
                            "route_table_id": "rtb-b05ffbd8",
                            "subnet_id": "subnet-759d241d"
                        },
                        "meta": {},
                        "tainted": false
                    },
                    "deposed": [],
                    "provider": ""
                },
                "aws_security_group.dev_kubernetes": {
                    "type": "aws_security_group",
                    "depends_on": [
                        "aws_vpc.dev_kubernetes"
                    ],
                    "primary": {
                        "id": "sg-66401b0e",
                        "attributes": {
                            "description": "Managed by Terraform",
                            "egress.#": "1",
                            "egress.482069346.cidr_blocks.#": "1",
                            "egress.482069346.cidr_blocks.0": "0.0.0.0/0",
                            "egress.482069346.from_port": "0",
                            "egress.482069346.prefix_list_ids.#": "0",
                            "egress.482069346.protocol": "-1",
                            "egress.482069346.security_groups.#": "0",
                            "egress.482069346.self": "false",
                            "egress.482069346.to_port": "0",
                            "id": "sg-66401b0e",
                            "ingress.#": "1",
                            "ingress.3068409405.cidr_blocks.#": "1",
                            "ingress.3068409405.cidr_blocks.0": "0.0.0.0/0",
                            "ingress.3068409405.from_port": "8",
                            "ingress.3068409405.protocol": "icmp",
                            "ingress.3068409405.security_groups.#": "0",
                            "ingress.3068409405.self": "false",
                            "ingress.3068409405.to_port": "0",
                            "name": "Dev Kubernetes",
                            "owner_id": "117141021182",
                            "tags.%": "0",
                            "vpc_id": "vpc-87649fef"
                        },
                        "meta": {},
                        "tainted": false
                    },
                    "deposed": [],
                    "provider": ""
                },
                "aws_subnet.kubernetes": {
                    "type": "aws_subnet",
                    "depends_on": [
                        "aws_vpc.dev_kubernetes"
                    ],
                    "primary": {
                        "id": "subnet-759d241d",
                        "attributes": {
                            "availability_zone": "eu-central-1a",
                            "cidr_block": "10.43.0.0/16",
                            "id": "subnet-759d241d",
                            "map_public_ip_on_launch": "false",
                            "tags.%": "2",
                            "tags.Name": "Kubernetes",
                            "tags.Owner": "Raghavendra",
                            "vpc_id": "vpc-87649fef"
                        },
                        "meta": {},
                        "tainted": false
                    },
                    "deposed": [],
                    "provider": ""
                },
                "aws_vpc.dev_kubernetes": {
                    "type": "aws_vpc",
                    "depends_on": [],
                    "primary": {
                        "id": "vpc-87649fef",
                        "attributes": {
                            "cidr_block": "10.43.0.0/16",
                            "default_network_acl_id": "acl-dbb861b3",
                            "default_route_table_id": "rtb-be5ffbd6",
                            "default_security_group_id": "sg-62401b0a",
                            "dhcp_options_id": "dopt-44e50f2d",
                            "enable_dns_hostnames": "true",
                            "enable_dns_support": "true",
                            "id": "vpc-87649fef",
                            "instance_tenancy": "default",
                            "main_route_table_id": "rtb-be5ffbd6",
                            "tags.%": "2",
                            "tags.Name": "Dev_kubernetes",
                            "tags.Owner": "{var.owner}"
                        },
                        "meta": {},
                        "tainted": false
                    },
                    "deposed": [],
                    "provider": ""
                }
            },
            "depends_on": []
        }
    ]
}
